
Microsoft Visual Studio Solution File, Format Version 12.00
Project("{2150E333-8FDC-42A3-9474-1A3956D46DE8}") = "src", "src", "{6C0F615B-9FDB-4E15-925A-B434265B5239}"
EndProject
Project("{2150E333-8FDC-42A3-9474-1A3956D46DE8}") = "tests", "tests", "{49569B12-7125-4C81-B791-A8DCF5A3F95C}"
EndProject
Project("{2150E333-8FDC-42A3-9474-1A3956D46DE8}") = "Backend", "Backend", "{7DC68222-7D96-423F-B1C9-95D448DF551D}"
EndProject
Project("{2150E333-8FDC-42A3-9474-1A3956D46DE8}") = "Shared", "Shared", "{A7EA9A8F-ECDA-4AE4-919E-4BE20A482BC6}"
EndProject
Project("{FAE04EC0-301F-11D3-BF4B-00C04F79EFBC}") = "RecipeBook.Api", "src\Backend\RecipeBook.Api\RecipeBook.Api.csproj", "{F1E9875B-5A97-4290-9327-E7A7DF245CD1}"
EndProject
Project("{FAE04EC0-301F-11D3-BF4B-00C04F79EFBC}") = "RecipeBook.Application", "src\Backend\RecipeBook.Application\RecipeBook.Application.csproj", "{322C6312-8D77-4EA0-B58F-71213517D027}"
EndProject
Project("{FAE04EC0-301F-11D3-BF4B-00C04F79EFBC}") = "RecipeBook.Domain", "src\Backend\RecipeBook.Domain\RecipeBook.Domain.csproj", "{662F5E96-BC82-4E7A-A04B-757A4B98AA07}"
EndProject
Project("{FAE04EC0-301F-11D3-BF4B-00C04F79EFBC}") = "RecipeBook.Infrastructure", "src\Backend\RecipeBook.Infrastructure\RecipeBook.Infrastructure.csproj", "{9E8A81E8-BDAE-440D-A4D4-C5D07C354D37}"
EndProject
Project("{FAE04EC0-301F-11D3-BF4B-00C04F79EFBC}") = "RecipeBook.Exceptions", "src\Shared\RecipeBook.Exceptions\RecipeBook.Exceptions.csproj", "{08B0797A-BEC4-4D69-B57E-5DF73D38EED0}"
EndProject
Project("{FAE04EC0-301F-11D3-BF4B-00C04F79EFBC}") = "RecipeBook.Comunication", "src\Shared\RecipeBook.Comunication\RecipeBook.Comunication.csproj", "{CEBD2A5B-9244-4572-BFC8-AF845A94BAA7}"
EndProject
Project("{FAE04EC0-301F-11D3-BF4B-00C04F79EFBC}") = "Validators.Test", "tests\Validators.Test\Validators.Test.csproj", "{78752EAA-9818-44B1-9CFF-9D56B1A15007}"
EndProject
Project("{FAE04EC0-301F-11D3-BF4B-00C04F79EFBC}") = "TestHelpers", "tests\TestHelpers\TestHelpers.csproj", "{720049B9-9904-4561-9B22-E3764FA5CC0A}"
EndProject
Project("{FAE04EC0-301F-11D3-BF4B-00C04F79EFBC}") = "UseCases.Test", "tests\UseCases.Test\UseCases.Test.csproj", "{7342CF69-C6BB-416B-8C9B-08DE0D9EC743}"
EndProject
Global
	GlobalSection(SolutionConfigurationPlatforms) = preSolution
		Debug|Any CPU = Debug|Any CPU
		Release|Any CPU = Release|Any CPU
	EndGlobalSection
	GlobalSection(NestedProjects) = preSolution
		{7DC68222-7D96-423F-B1C9-95D448DF551D} = {6C0F615B-9FDB-4E15-925A-B434265B5239}
		{A7EA9A8F-ECDA-4AE4-919E-4BE20A482BC6} = {6C0F615B-9FDB-4E15-925A-B434265B5239}
		{F1E9875B-5A97-4290-9327-E7A7DF245CD1} = {7DC68222-7D96-423F-B1C9-95D448DF551D}
		{322C6312-8D77-4EA0-B58F-71213517D027} = {7DC68222-7D96-423F-B1C9-95D448DF551D}
		{662F5E96-BC82-4E7A-A04B-757A4B98AA07} = {7DC68222-7D96-423F-B1C9-95D448DF551D}
		{9E8A81E8-BDAE-440D-A4D4-C5D07C354D37} = {7DC68222-7D96-423F-B1C9-95D448DF551D}
		{08B0797A-BEC4-4D69-B57E-5DF73D38EED0} = {A7EA9A8F-ECDA-4AE4-919E-4BE20A482BC6}
		{CEBD2A5B-9244-4572-BFC8-AF845A94BAA7} = {A7EA9A8F-ECDA-4AE4-919E-4BE20A482BC6}
		{78752EAA-9818-44B1-9CFF-9D56B1A15007} = {49569B12-7125-4C81-B791-A8DCF5A3F95C}
		{720049B9-9904-4561-9B22-E3764FA5CC0A} = {49569B12-7125-4C81-B791-A8DCF5A3F95C}
		{7342CF69-C6BB-416B-8C9B-08DE0D9EC743} = {49569B12-7125-4C81-B791-A8DCF5A3F95C}
	EndGlobalSection
	GlobalSection(ProjectConfigurationPlatforms) = postSolution
		{F1E9875B-5A97-4290-9327-E7A7DF245CD1}.Debug|Any CPU.ActiveCfg = Debug|Any CPU
		{F1E9875B-5A97-4290-9327-E7A7DF245CD1}.Debug|Any CPU.Build.0 = Debug|Any CPU
		{F1E9875B-5A97-4290-9327-E7A7DF245CD1}.Release|Any CPU.ActiveCfg = Release|Any CPU
		{F1E9875B-5A97-4290-9327-E7A7DF245CD1}.Release|Any CPU.Build.0 = Release|Any CPU
		{322C6312-8D77-4EA0-B58F-71213517D027}.Debug|Any CPU.ActiveCfg = Debug|Any CPU
		{322C6312-8D77-4EA0-B58F-71213517D027}.Debug|Any CPU.Build.0 = Debug|Any CPU
		{322C6312-8D77-4EA0-B58F-71213517D027}.Release|Any CPU.ActiveCfg = Release|Any CPU
		{322C6312-8D77-4EA0-B58F-71213517D027}.Release|Any CPU.Build.0 = Release|Any CPU
		{662F5E96-BC82-4E7A-A04B-757A4B98AA07}.Debug|Any CPU.ActiveCfg = Debug|Any CPU
		{662F5E96-BC82-4E7A-A04B-757A4B98AA07}.Debug|Any CPU.Build.0 = Debug|Any CPU
		{662F5E96-BC82-4E7A-A04B-757A4B98AA07}.Release|Any CPU.ActiveCfg = Release|Any CPU
		{662F5E96-BC82-4E7A-A04B-757A4B98AA07}.Release|Any CPU.Build.0 = Release|Any CPU
		{9E8A81E8-BDAE-440D-A4D4-C5D07C354D37}.Debug|Any CPU.ActiveCfg = Debug|Any CPU
		{9E8A81E8-BDAE-440D-A4D4-C5D07C354D37}.Debug|Any CPU.Build.0 = Debug|Any CPU
		{9E8A81E8-BDAE-440D-A4D4-C5D07C354D37}.Release|Any CPU.ActiveCfg = Release|Any CPU
		{9E8A81E8-BDAE-440D-A4D4-C5D07C354D37}.Release|Any CPU.Build.0 = Release|Any CPU
		{08B0797A-BEC4-4D69-B57E-5DF73D38EED0}.Debug|Any CPU.ActiveCfg = Debug|Any CPU
		{08B0797A-BEC4-4D69-B57E-5DF73D38EED0}.Debug|Any CPU.Build.0 = Debug|Any CPU
		{08B0797A-BEC4-4D69-B57E-5DF73D38EED0}.Release|Any CPU.ActiveCfg = Release|Any CPU
		{08B0797A-BEC4-4D69-B57E-5DF73D38EED0}.Release|Any CPU.Build.0 = Release|Any CPU
		{CEBD2A5B-9244-4572-BFC8-AF845A94BAA7}.Debug|Any CPU.ActiveCfg = Debug|Any CPU
		{CEBD2A5B-9244-4572-BFC8-AF845A94BAA7}.Debug|Any CPU.Build.0 = Debug|Any CPU
		{CEBD2A5B-9244-4572-BFC8-AF845A94BAA7}.Release|Any CPU.ActiveCfg = Release|Any CPU
		{CEBD2A5B-9244-4572-BFC8-AF845A94BAA7}.Release|Any CPU.Build.0 = Release|Any CPU
		{78752EAA-9818-44B1-9CFF-9D56B1A15007}.Debug|Any CPU.ActiveCfg = Debug|Any CPU
		{78752EAA-9818-44B1-9CFF-9D56B1A15007}.Debug|Any CPU.Build.0 = Debug|Any CPU
		{78752EAA-9818-44B1-9CFF-9D56B1A15007}.Release|Any CPU.ActiveCfg = Release|Any CPU
		{78752EAA-9818-44B1-9CFF-9D56B1A15007}.Release|Any CPU.Build.0 = Release|Any CPU
		{720049B9-9904-4561-9B22-E3764FA5CC0A}.Debug|Any CPU.ActiveCfg = Debug|Any CPU
		{720049B9-9904-4561-9B22-E3764FA5CC0A}.Debug|Any CPU.Build.0 = Debug|Any CPU
		{720049B9-9904-4561-9B22-E3764FA5CC0A}.Release|Any CPU.ActiveCfg = Release|Any CPU
		{720049B9-9904-4561-9B22-E3764FA5CC0A}.Release|Any CPU.Build.0 = Release|Any CPU
		{7342CF69-C6BB-416B-8C9B-08DE0D9EC743}.Debug|Any CPU.ActiveCfg = Debug|Any CPU
		{7342CF69-C6BB-416B-8C9B-08DE0D9EC743}.Debug|Any CPU.Build.0 = Debug|Any CPU
		{7342CF69-C6BB-416B-8C9B-08DE0D9EC743}.Release|Any CPU.ActiveCfg = Release|Any CPU
		{7342CF69-C6BB-416B-8C9B-08DE0D9EC743}.Release|Any CPU.Build.0 = Release|Any CPU
	EndGlobalSection
EndGlobal
